// !$*UTF8*$!
{
	archiveVersion = 1;
	classes = {
	};
	objectVersion = 46;
	objects = {

/* Begin PBXBuildFile section */
		2EB907971CC2CA50005880F0 /* CgoSwift.h in Headers */ = {isa = PBXBuildFile; fileRef = 2EB907961CC2CA50005880F0 /* CgoSwift.h */; settings = {ATTRIBUTES = (Public, ); }; };
		2EB9079E1CC2CA50005880F0 /* CgoSwift.framework in Frameworks */ = {isa = PBXBuildFile; fileRef = 2EB907931CC2CA50005880F0 /* CgoSwift.framework */; };
		2EB907A31CC2CA50005880F0 /* CgoSwiftTests.swift in Sources */ = {isa = PBXBuildFile; fileRef = 2EB907A21CC2CA50005880F0 /* CgoSwiftTests.swift */; };
/* End PBXBuildFile section */

/* Begin PBXContainerItemProxy section */
		2EB9079F1CC2CA50005880F0 /* PBXContainerItemProxy */ = {
			isa = PBXContainerItemProxy;
			containerPortal = 2EB9078A1CC2CA50005880F0 /* Project object */;
			proxyType = 1;
			remoteGlobalIDString = 2EB907921CC2CA50005880F0;
			remoteInfo = CgoSwift;
		};
/* End PBXContainerItemProxy section */

/* Begin PBXFileReference section */
		2EB907931CC2CA50005880F0 /* CgoSwift.framework */ = {isa = PBXFileReference; explicitFileType = wrapper.framework; includeInIndex = 0; path = CgoSwift.framework; sourceTree = BUILT_PRODUCTS_DIR; };
		2EB907961CC2CA50005880F0 /* CgoSwift.h */ = {isa = PBXFileReference; lastKnownFileType = sourcecode.c.h; path = CgoSwift.h; sourceTree = "<group>"; };
		2EB907981CC2CA50005880F0 /* Info.plist */ = {isa = PBXFileReference; lastKnownFileType = text.plist.xml; path = Info.plist; sourceTree = "<group>"; };
		2EB9079D1CC2CA50005880F0 /* CgoSwiftTests.xctest */ = {isa = PBXFileReference; explicitFileType = wrapper.cfbundle; includeInIndex = 0; path = CgoSwiftTests.xctest; sourceTree = BUILT_PRODUCTS_DIR; };
		2EB907A21CC2CA50005880F0 /* CgoSwiftTests.swift */ = {isa = PBXFileReference; lastKnownFileType = sourcecode.swift; path = CgoSwiftTests.swift; sourceTree = "<group>"; };
		2EB907A41CC2CA50005880F0 /* Info.plist */ = {isa = PBXFileReference; lastKnownFileType = text.plist.xml; path = Info.plist; sourceTree = "<group>"; };
/* End PBXFileReference section */

/* Begin PBXFrameworksBuildPhase section */
		2EB9078F1CC2CA50005880F0 /* Frameworks */ = {
			isa = PBXFrameworksBuildPhase;
			buildActionMask = 2147483647;
			files = (
			);
			runOnlyForDeploymentPostprocessing = 0;
		};
		2EB9079A1CC2CA50005880F0 /* Frameworks */ = {
			isa = PBXFrameworksBuildPhase;
			buildActionMask = 2147483647;
			files = (
				2EB9079E1CC2CA50005880F0 /* CgoSwift.framework in Frameworks */,
			);
			runOnlyForDeploymentPostprocessing = 0;
		};
/* End PBXFrameworksBuildPhase section */

/* Begin PBXGroup section */
		2EB907891CC2CA50005880F0 = {
			isa = PBXGroup;
			children = (
				2EB907951CC2CA50005880F0 /* CgoSwift */,
				2EB907A11CC2CA50005880F0 /* CgoSwiftTests */,
				2EB907941CC2CA50005880F0 /* Products */,
			);
			sourceTree = "<group>";
		};
		2EB907941CC2CA50005880F0 /* Products */ = {
			isa = PBXGroup;
			children = (
				2EB907931CC2CA50005880F0 /* CgoSwift.framework */,
				2EB9079D1CC2CA50005880F0 /* CgoSwiftTests.xctest */,
			);
			name = Products;
			sourceTree = "<group>";
		};
		2EB907951CC2CA50005880F0 /* CgoSwift */ = {
			isa = PBXGroup;
			children = (
				2EB907961CC2CA50005880F0 /* CgoSwift.h */,
				2EB907981CC2CA50005880F0 /* Info.plist */,
			);
			path = CgoSwift;
			sourceTree = "<group>";
		};
		2EB907A11CC2CA50005880F0 /* CgoSwiftTests */ = {
			isa = PBXGroup;
			children = (
				2EB907A21CC2CA50005880F0 /* CgoSwiftTests.swift */,
				2EB907A41CC2CA50005880F0 /* Info.plist */,
			);
			path = CgoSwiftTests;
			sourceTree = "<group>";
		};
/* End PBXGroup section */

/* Begin PBXHeadersBuildPhase section */
		2EB907901CC2CA50005880F0 /* Headers */ = {
			isa = PBXHeadersBuildPhase;
			buildActionMask = 2147483647;
			files = (
				2EB907971CC2CA50005880F0 /* CgoSwift.h in Headers */,
			);
			runOnlyForDeploymentPostprocessing = 0;
		};
/* End PBXHeadersBuildPhase section */

/* Begin PBXNativeTarget section */
		2EB907921CC2CA50005880F0 /* CgoSwift */ = {
			isa = PBXNativeTarget;
			buildConfigurationList = 2EB907A71CC2CA50005880F0 /* Build configuration list for PBXNativeTarget "CgoSwift" */;
			buildPhases = (
				2EB9078E1CC2CA50005880F0 /* Sources */,
				2EB9078F1CC2CA50005880F0 /* Frameworks */,
				2EB907901CC2CA50005880F0 /* Headers */,
				2EB907911CC2CA50005880F0 /* Resources */,
			);
			buildRules = (
			);
			dependencies = (
			);
			name = CgoSwift;
			productName = CgoSwift;
			productReference = 2EB907931CC2CA50005880F0 /* CgoSwift.framework */;
			productType = "com.apple.product-type.framework";
		};
		2EB9079C1CC2CA50005880F0 /* CgoSwiftTests */ = {
			isa = PBXNativeTarget;
			buildConfigurationList = 2EB907AA1CC2CA50005880F0 /* Build configuration list for PBXNativeTarget "CgoSwiftTests" */;
			buildPhases = (
				2EB907991CC2CA50005880F0 /* Sources */,
				2EB9079A1CC2CA50005880F0 /* Frameworks */,
				2EB9079B1CC2CA50005880F0 /* Resources */,
			);
			buildRules = (
			);
			dependencies = (
				2EB907A01CC2CA50005880F0 /* PBXTargetDependency */,
			);
			name = CgoSwiftTests;
			productName = CgoSwiftTests;
			productReference = 2EB9079D1CC2CA50005880F0 /* CgoSwiftTests.xctest */;
			productType = "com.apple.product-type.bundle.unit-test";
		};
/* End PBXNativeTarget section */

/* Begin PBXProject section */
		2EB9078A1CC2CA50005880F0 /* Project object */ = {
			isa = PBXProject;
			attributes = {
				LastSwiftUpdateCheck = 0730;
				LastUpgradeCheck = 0730;
				TargetAttributes = {
					2EB907921CC2CA50005880F0 = {
						CreatedOnToolsVersion = 7.3;
					};
					2EB9079C1CC2CA50005880F0 = {
						CreatedOnToolsVersion = 7.3;
					};
				};
			};
			buildConfigurationList = 2EB9078D1CC2CA50005880F0 /* Build configuration list for PBXProject "CgoSwift" */;
			compatibilityVersion = "Xcode 3.2";
			developmentRegion = English;
			hasScannedForEncodings = 0;
			knownRegions = (
				en,
			);
			mainGroup = 2EB907891CC2CA50005880F0;
			productRefGroup = 2EB907941CC2CA50005880F0 /* Products */;
			projectDirPath = "";
			projectRoot = "";
			targets = (
				2EB907921CC2CA50005880F0 /* CgoSwift */,
				2EB9079C1CC2CA50005880F0 /* CgoSwiftTests */,
			);
		};
/* End PBXProject section */

/* Begin PBXResourcesBuildPhase section */
		2EB907911CC2CA50005880F0 /* Resources */ = {
			isa = PBXResourcesBuildPhase;
			buildActionMask = 2147483647;
			files = (
			);
			runOnlyForDeploymentPostprocessing = 0;
		};
		2EB9079B1CC2CA50005880F0 /* Resources */ = {
			isa = PBXResourcesBuildPhase;
			buildActionMask = 2147483647;
			files = (
			);
			runOnlyForDeploymentPostprocessing = 0;
		};
/* End PBXResourcesBuildPhase section */

/* Begin PBXSourcesBuildPhase section */
		2EB9078E1CC2CA50005880F0 /* Sources */ = {
			isa = PBXSourcesBuildPhase;
			buildActionMask = 2147483647;
			files = (
			);
			runOnlyForDeploymentPostprocessing = 0;
		};
		2EB907991CC2CA50005880F0 /* Sources */ = {
			isa = PBXSourcesBuildPhase;
			buildActionMask = 2147483647;
			files = (
				2EB907A31CC2CA50005880F0 /* CgoSwiftTests.swift in Sources */,
			);
			runOnlyForDeploymentPostprocessing = 0;
		};
/* End PBXSourcesBuildPhase section */

/* Begin PBXTargetDependency section */
		2EB907A01CC2CA50005880F0 /* PBXTargetDependency */ = {
			isa = PBXTargetDependency;
			target = 2EB907921CC2CA50005880F0 /* CgoSwift */;
			targetProxy = 2EB9079F1CC2CA50005880F0 /* PBXContainerItemProxy */;
		};
/* End PBXTargetDependency section */

/* Begin XCBuildConfiguration section */
		2EB907A51CC2CA50005880F0 /* Debug */ = {
			isa = XCBuildConfiguration;
			buildSettings = {
				ALWAYS_SEARCH_USER_PATHS = NO;
				CLANG_ANALYZER_NONNULL = YES;
				CLANG_CXX_LANGUAGE_STANDARD = "gnu++0x";
				CLANG_CXX_LIBRARY = "libc++";
				CLANG_ENABLE_MODULES = YES;
				CLANG_ENABLE_OBJC_ARC = YES;
				CLANG_WARN_BOOL_CONVERSION = YES;
				CLANG_WARN_CONSTANT_CONVERSION = YES;
				CLANG_WARN_DIRECT_OBJC_ISA_USAGE = YES_ERROR;
				CLANG_WARN_EMPTY_BODY = YES;
				CLANG_WARN_ENUM_CONVERSION = YES;
				CLANG_WARN_INT_CONVERSION = YES;
				CLANG_WARN_OBJC_ROOT_CLASS = YES_ERROR;
				CLANG_WARN_UNREACHABLE_CODE = YES;
				CLANG_WARN__DUPLICATE_METHOD_MATCH = YES;
				"CODE_SIGN_IDENTITY[sdk=iphoneos*]" = "iPhone Developer";
				COPY_PHASE_STRIP = NO;
				CURRENT_PROJECT_VERSION = 1;
				DEBUG_INFORMATION_FORMAT = dwarf;
				ENABLE_STRICT_OBJC_MSGSEND = YES;
				ENABLE_TESTABILITY = YES;
				GCC_C_LANGUAGE_STANDARD = gnu99;
				GCC_DYNAMIC_NO_PIC = NO;
				GCC_NO_COMMON_BLOCKS = YES;
				GCC_OPTIMIZATION_LEVEL = 0;
				GCC_PREPROCESSOR_DEFINITIONS = (
					"DEBUG=1",
					"$(inherited)",
				);
				GCC_WARN_64_TO_32_BIT_CONVERSION = YES;
				GCC_WARN_ABOUT_RETURN_TYPE = YES_ERROR;
				GCC_WARN_UNDECLARED_SELECTOR = YES;
				GCC_WARN_UNINITIALIZED_AUTOS = YES_AGGRESSIVE;
				GCC_WARN_UNUSED_FUNCTION = YES;
				GCC_WARN_UNUSED_VARIABLE = YES;
				IPHONEOS_DEPLOYMENT_TARGET = 9.3;
				MTL_ENABLE_DEBUG_INFO = YES;
				ONLY_ACTIVE_ARCH = YES;
				SDKROOT = iphoneos;
				SWIFT_OPTIMIZATION_LEVEL = "-Onone";
				TARGETED_DEVICE_FAMILY = "1,2";
				VERSIONING_SYSTEM = "apple-generic";
				VERSION_INFO_PREFIX = "";
			};
			name = Debug;
		};
		2EB907A61CC2CA50005880F0 /* Release */ = {
			isa = XCBuildConfiguration;
			buildSettings = {
				ALWAYS_SEARCH_USER_PATHS = NO;
				CLANG_ANALYZER_NONNULL = YES;
				CLANG_CXX_LANGUAGE_STANDARD = "gnu++0x";
				CLANG_CXX_LIBRARY = "libc++";
				CLANG_ENABLE_MODULES = YES;
				CLANG_ENABLE_OBJC_ARC = YES;
				CLANG_WARN_BOOL_CONVERSION = YES;
				CLANG_WARN_CONSTANT_CONVERSION = YES;
				CLANG_WARN_DIRECT_OBJC_ISA_USAGE = YES_ERROR;
				CLANG_WARN_EMPTY_BODY = YES;
				CLANG_WARN_ENUM_CONVERSION = YES;
				CLANG_WARN_INT_CONVERSION = YES;
				CLANG_WARN_OBJC_ROOT_CLASS = YES_ERROR;
				CLANG_WARN_UNREACHABLE_CODE = YES;
				CLANG_WARN__DUPLICATE_METHOD_MATCH = YES;
				"CODE_SIGN_IDENTITY[sdk=iphoneos*]" = "iPhone Developer";
				COPY_PHASE_STRIP = NO;
				CURRENT_PROJECT_VERSION = 1;
				DEBUG_INFORMATION_FORMAT = "dwarf-with-dsym";
				ENABLE_NS_ASSERTIONS = NO;
				ENABLE_STRICT_OBJC_MSGSEND = YES;
				GCC_C_LANGUAGE_STANDARD = gnu99;
				GCC_NO_COMMON_BLOCKS = YES;
				GCC_WARN_64_TO_32_BIT_CONVERSION = YES;
				GCC_WARN_ABOUT_RETURN_TYPE = YES_ERROR;
				GCC_WARN_UNDECLARED_SELECTOR = YES;
				GCC_WARN_UNINITIALIZED_AUTOS = YES_AGGRESSIVE;
				GCC_WARN_UNUSED_FUNCTION = YES;
				GCC_WARN_UNUSED_VARIABLE = YES;
				IPHONEOS_DEPLOYMENT_TARGET = 9.3;
				MTL_ENABLE_DEBUG_INFO = NO;
				SDKROOT = iphoneos;
				TARGETED_DEVICE_FAMILY = "1,2";
				VALIDATE_PRODUCT = YES;
				VERSIONING_SYSTEM = "apple-generic";
				VERSION_INFO_PREFIX = "";
			};
			name = Release;
		};
		2EB907A81CC2CA50005880F0 /* Debug */ = {
			isa = XCBuildConfiguration;
			buildSettings = {
				DEFINES_MODULE = YES;
				DYLIB_COMPATIBILITY_VERSION = 1;
				DYLIB_CURRENT_VERSION = 1;
				DYLIB_INSTALL_NAME_BASE = "@rpath";
				INFOPLIST_FILE = CgoSwift/Info.plist;
				INSTALL_PATH = "$(LOCAL_LIBRARY_DIR)/Frameworks";
				LD_RUNPATH_SEARCH_PATHS = "$(inherited) @executable_path/Frameworks @loader_path/Frameworks";
				PRODUCT_BUNDLE_IDENTIFIER = com.example.CgoSwift;
				PRODUCT_NAME = "$(TARGET_NAME)";
				SKIP_INSTALL = YES;
			};
			name = Debug;
		};
		2EB907A91CC2CA50005880F0 /* Release */ = {
			isa = XCBuildConfiguration;
			buildSettings = {
				DEFINES_MODULE = YES;
				DYLIB_COMPATIBILITY_VERSION = 1;
				DYLIB_CURRENT_VERSION = 1;
				DYLIB_INSTALL_NAME_BASE = "@rpath";
				INFOPLIST_FILE = CgoSwift/Info.plist;
				INSTALL_PATH = "$(LOCAL_LIBRARY_DIR)/Frameworks";
				LD_RUNPATH_SEARCH_PATHS = "$(inherited) @executable_path/Frameworks @loader_path/Frameworks";
				PRODUCT_BUNDLE_IDENTIFIER = com.example.CgoSwift;
				PRODUCT_NAME = "$(TARGET_NAME)";
				SKIP_INSTALL = YES;
			};
			name = Release;
		};
		2EB907AB1CC2CA50005880F0 /* Debug */ = {
			isa = XCBuildConfiguration;
			buildSettings = {
				INFOPLIST_FILE = CgoSwiftTests/Info.plist;
				LD_RUNPATH_SEARCH_PATHS = "$(inherited) @executable_path/Frameworks @loader_path/Frameworks";
				PRODUCT_BUNDLE_IDENTIFIER = com.example.CgoSwiftTests;
				PRODUCT_NAME = "$(TARGET_NAME)";
			};
			name = Debug;
		};
		2EB907AC1CC2CA50005880F0 /* Release */ = {
			isa = XCBuildConfiguration;
			buildSettings = {
				INFOPLIST_FILE = CgoSwiftTests/Info.plist;
				LD_RUNPATH_SEARCH_PATHS = "$(inherited) @executable_path/Frameworks @loader_path/Frameworks";
				PRODUCT_BUNDLE_IDENTIFIER = com.example.CgoSwiftTests;
				PRODUCT_NAME = "$(TARGET_NAME)";
			};
			name = Release;
		};
/* End XCBuildConfiguration section */

/* Begin XCConfigurationList section */
		2EB9078D1CC2CA50005880F0 /* Build configuration list for PBXProject "CgoSwift" */ = {
			isa = XCConfigurationList;
			buildConfigurations = (
				2EB907A51CC2CA50005880F0 /* Debug */,
				2EB907A61CC2CA50005880F0 /* Release */,
			);
			defaultConfigurationIsVisible = 0;
			defaultConfigurationName = Release;
		};
		2EB907A71CC2CA50005880F0 /* Build configuration list for PBXNativeTarget "CgoSwift" */ = {
			isa = XCConfigurationList;
			buildConfigurations = (
				2EB907A81CC2CA50005880F0 /* Debug */,
				2EB907A91CC2CA50005880F0 /* Release */,
			);
			defaultConfigurationIsVisible = 0;
		};
		2EB907AA1CC2CA50005880F0 /* Build configuration list for PBXNativeTarget "CgoSwiftTests" */ = {
			isa = XCConfigurationList;
			buildConfigurations = (
				2EB907AB1CC2CA50005880F0 /* Debug */,
				2EB907AC1CC2CA50005880F0 /* Release */,
			);
			defaultConfigurationIsVisible = 0;
		};
/* End XCConfigurationList section */
	};
	rootObject = 2EB9078A1CC2CA50005880F0 /* Project object */;
}
